
Microsoft Visual Studio Solution File, Format Version 12.00
# Visual Studio 15
VisualStudioVersion = 15.0.28306.52
MinimumVisualStudioVersion = 10.0.40219.1
Project("{F184B08F-C81C-45F6-A57F-5ABD9991F28F}") = "DXWebApplication1", "DXWebApplication1\DXWebApplication1.vbproj", "{520E14A5-FAE5-4256-AE5B-BFE27DA16687}"
EndProject
Global
	GlobalSection(SolutionConfigurationPlatforms) = preSolution
		Debug|Any CPU = Debug|Any CPU
		Release|Any CPU = Release|Any CPU
	EndGlobalSection
	GlobalSection(ProjectConfigurationPlatforms) = postSolution
		{520E14A5-FAE5-4256-AE5B-BFE27DA16687}.Debug|Any CPU.ActiveCfg = Debug|Any CPU
		{520E14A5-FAE5-4256-AE5B-BFE27DA16687}.Debug|Any CPU.Build.0 = Debug|Any CPU
		{520E14A5-FAE5-4256-AE5B-BFE27DA16687}.Release|Any CPU.ActiveCfg = Release|Any CPU
		{520E14A5-FAE5-4256-AE5B-BFE27DA16687}.Release|Any CPU.Build.0 = Release|Any CPU
	EndGlobalSection
	GlobalSection(SolutionProperties) = preSolution
		HideSolutionNode = FALSE
	EndGlobalSection
	GlobalSection(ExtensibilityGlobals) = postSolution
		SolutionGuid = {44D4988F-9767-48E2-BF7A-3016D5D330FF}
	EndGlobalSection
EndGlobal
